// !$*UTF8*$!
{
	archiveVersion = 1;
	classes = {
	};
	objectVersion = 50;
	objects = {

/* Begin PBXBuildFile section */
		2417985B21A1CD6000FF002D /* ChangeLocationViewController.swift in Sources */ = {isa = PBXBuildFile; fileRef = 2417985A21A1CD6000FF002D /* ChangeLocationViewController.swift */; };
		2417986021A1DEF300FF002D /* DataClient.swift in Sources */ = {isa = PBXBuildFile; fileRef = 2417985F21A1DEF300FF002D /* DataClient.swift */; };
		24286DBB21B2E98B008905DD /* Convenience.swift in Sources */ = {isa = PBXBuildFile; fileRef = 24286DBA21B2E98B008905DD /* Convenience.swift */; };
		242A476D21BBE9500056B7A5 /* BaseMapViewController.swift in Sources */ = {isa = PBXBuildFile; fileRef = 242A476C21BBE9500056B7A5 /* BaseMapViewController.swift */; };
		242A476F21BBEDAC0056B7A5 /* UserInformation.swift in Sources */ = {isa = PBXBuildFile; fileRef = 242A476E21BBEDAC0056B7A5 /* UserInformation.swift */; };
		242A477121BBEDDD0056B7A5 /* User.swift in Sources */ = {isa = PBXBuildFile; fileRef = 242A477021BBEDDD0056B7A5 /* User.swift */; };
		242A477321BC05F40056B7A5 /* Extensions.swift in Sources */ = {isa = PBXBuildFile; fileRef = 242A477221BC05F40056B7A5 /* Extensions.swift */; };
		2437BB95219EF06B00F62A3C /* AppDelegate.swift in Sources */ = {isa = PBXBuildFile; fileRef = 2437BB94219EF06B00F62A3C /* AppDelegate.swift */; };
		2437BB97219EF06B00F62A3C /* MapViewController.swift in Sources */ = {isa = PBXBuildFile; fileRef = 2437BB96219EF06B00F62A3C /* MapViewController.swift */; };
		2437BB9A219EF06B00F62A3C /* Main.storyboard in Resources */ = {isa = PBXBuildFile; fileRef = 2437BB98219EF06B00F62A3C /* Main.storyboard */; };
		2437BB9C219EF06D00F62A3C /* Assets.xcassets in Resources */ = {isa = PBXBuildFile; fileRef = 2437BB9B219EF06D00F62A3C /* Assets.xcassets */; };
		2437BB9F219EF06D00F62A3C /* LaunchScreen.storyboard in Resources */ = {isa = PBXBuildFile; fileRef = 2437BB9D219EF06D00F62A3C /* LaunchScreen.storyboard */; };
		2437BBA8219EF12000F62A3C /* Constants.swift in Sources */ = {isa = PBXBuildFile; fileRef = 2437BBA7219EF12000F62A3C /* Constants.swift */; };
		2455D06F21B53376000F351A /* LoginViewController.swift in Sources */ = {isa = PBXBuildFile; fileRef = 2455D06E21B53376000F351A /* LoginViewController.swift */; };
		2455D07121B54C58000F351A /* GCDBlackBox.swift in Sources */ = {isa = PBXBuildFile; fileRef = 2455D07021B54C58000F351A /* GCDBlackBox.swift */; };
/* End PBXBuildFile section */

/* Begin PBXFileReference section */
		2417985A21A1CD6000FF002D /* ChangeLocationViewController.swift */ = {isa = PBXFileReference; lastKnownFileType = sourcecode.swift; path = ChangeLocationViewController.swift; sourceTree = "<group>"; };
		2417985F21A1DEF300FF002D /* DataClient.swift */ = {isa = PBXFileReference; lastKnownFileType = sourcecode.swift; path = DataClient.swift; sourceTree = "<group>"; };
		24286DBA21B2E98B008905DD /* Convenience.swift */ = {isa = PBXFileReference; lastKnownFileType = sourcecode.swift; path = Convenience.swift; sourceTree = "<group>"; };
		242A476C21BBE9500056B7A5 /* BaseMapViewController.swift */ = {isa = PBXFileReference; lastKnownFileType = sourcecode.swift; path = BaseMapViewController.swift; sourceTree = "<group>"; };
		242A476E21BBEDAC0056B7A5 /* UserInformation.swift */ = {isa = PBXFileReference; lastKnownFileType = sourcecode.swift; path = UserInformation.swift; sourceTree = "<group>"; };
		242A477021BBEDDD0056B7A5 /* User.swift */ = {isa = PBXFileReference; lastKnownFileType = sourcecode.swift; path = User.swift; sourceTree = "<group>"; };
		242A477221BC05F40056B7A5 /* Extensions.swift */ = {isa = PBXFileReference; lastKnownFileType = sourcecode.swift; path = Extensions.swift; sourceTree = "<group>"; };
		2437BB91219EF06B00F62A3C /* UdacityMapProject.app */ = {isa = PBXFileReference; explicitFileType = wrapper.application; includeInIndex = 0; path = UdacityMapProject.app; sourceTree = BUILT_PRODUCTS_DIR; };
		2437BB94219EF06B00F62A3C /* AppDelegate.swift */ = {isa = PBXFileReference; lastKnownFileType = sourcecode.swift; path = AppDelegate.swift; sourceTree = "<group>"; };
		2437BB96219EF06B00F62A3C /* MapViewController.swift */ = {isa = PBXFileReference; lastKnownFileType = sourcecode.swift; path = MapViewController.swift; sourceTree = "<group>"; };
		2437BB99219EF06B00F62A3C /* Base */ = {isa = PBXFileReference; lastKnownFileType = file.storyboard; name = Base; path = Base.lproj/Main.storyboard; sourceTree = "<group>"; };
		2437BB9B219EF06D00F62A3C /* Assets.xcassets */ = {isa = PBXFileReference; lastKnownFileType = folder.assetcatalog; path = Assets.xcassets; sourceTree = "<group>"; };
		2437BB9E219EF06D00F62A3C /* Base */ = {isa = PBXFileReference; lastKnownFileType = file.storyboard; name = Base; path = Base.lproj/LaunchScreen.storyboard; sourceTree = "<group>"; };
		2437BBA0219EF06D00F62A3C /* Info.plist */ = {isa = PBXFileReference; lastKnownFileType = text.plist.xml; path = Info.plist; sourceTree = "<group>"; };
		2437BBA7219EF12000F62A3C /* Constants.swift */ = {isa = PBXFileReference; lastKnownFileType = sourcecode.swift; path = Constants.swift; sourceTree = "<group>"; };
		2455D06E21B53376000F351A /* LoginViewController.swift */ = {isa = PBXFileReference; lastKnownFileType = sourcecode.swift; path = LoginViewController.swift; sourceTree = "<group>"; };
		2455D07021B54C58000F351A /* GCDBlackBox.swift */ = {isa = PBXFileReference; lastKnownFileType = sourcecode.swift; path = GCDBlackBox.swift; sourceTree = "<group>"; };
/* End PBXFileReference section */

/* Begin PBXFrameworksBuildPhase section */
		2437BB8E219EF06B00F62A3C /* Frameworks */ = {
			isa = PBXFrameworksBuildPhase;
			buildActionMask = 2147483647;
			files = (
			);
			runOnlyForDeploymentPostprocessing = 0;
		};
/* End PBXFrameworksBuildPhase section */

/* Begin PBXGroup section */
		2417985E21A1DBCD00FF002D /* Networking */ = {
			isa = PBXGroup;
			children = (
				2417985F21A1DEF300FF002D /* DataClient.swift */,
				24286DBA21B2E98B008905DD /* Convenience.swift */,
			);
			path = Networking;
			sourceTree = "<group>";
		};
		241AFAE5219F1B3000FEA204 /* ViewControllers */ = {
			isa = PBXGroup;
			children = (
				2437BB96219EF06B00F62A3C /* MapViewController.swift */,
				2417985A21A1CD6000FF002D /* ChangeLocationViewController.swift */,
				2455D06E21B53376000F351A /* LoginViewController.swift */,
				242A476C21BBE9500056B7A5 /* BaseMapViewController.swift */,
			);
			path = ViewControllers;
			sourceTree = "<group>";
		};
		2437BB88219EF06B00F62A3C = {
			isa = PBXGroup;
			children = (
				2437BB93219EF06B00F62A3C /* UdacityMapProject */,
				2437BB92219EF06B00F62A3C /* Products */,
			);
			sourceTree = "<group>";
		};
		2437BB92219EF06B00F62A3C /* Products */ = {
			isa = PBXGroup;
			children = (
				2437BB91219EF06B00F62A3C /* UdacityMapProject.app */,
			);
			name = Products;
			sourceTree = "<group>";
		};
		2437BB93219EF06B00F62A3C /* UdacityMapProject */ = {
			isa = PBXGroup;
			children = (
				2417985E21A1DBCD00FF002D /* Networking */,
				241AFAE5219F1B3000FEA204 /* ViewControllers */,
				2437BBA6219EF10B00F62A3C /* Constants */,
				2437BB94219EF06B00F62A3C /* AppDelegate.swift */,
				2455D07021B54C58000F351A /* GCDBlackBox.swift */,
				242A477221BC05F40056B7A5 /* Extensions.swift */,
				2437BB98219EF06B00F62A3C /* Main.storyboard */,
				2437BB9B219EF06D00F62A3C /* Assets.xcassets */,
				2437BB9D219EF06D00F62A3C /* LaunchScreen.storyboard */,
				2437BBA0219EF06D00F62A3C /* Info.plist */,
			);
			path = UdacityMapProject;
			sourceTree = "<group>";
		};
		2437BBA6219EF10B00F62A3C /* Constants */ = {
			isa = PBXGroup;
			children = (
				2437BBA7219EF12000F62A3C /* Constants.swift */,
				242A476E21BBEDAC0056B7A5 /* UserInformation.swift */,
				242A477021BBEDDD0056B7A5 /* User.swift */,
			);
			path = Constants;
			sourceTree = "<group>";
		};
/* End PBXGroup section */

/* Begin PBXNativeTarget section */
		2437BB90219EF06B00F62A3C /* UdacityMapProject */ = {
			isa = PBXNativeTarget;
			buildConfigurationList = 2437BBA3219EF06D00F62A3C /* Build configuration list for PBXNativeTarget "UdacityMapProject" */;
			buildPhases = (
				2437BB8D219EF06B00F62A3C /* Sources */,
				2437BB8E219EF06B00F62A3C /* Frameworks */,
				2437BB8F219EF06B00F62A3C /* Resources */,
			);
			buildRules = (
			);
			dependencies = (
			);
			name = UdacityMapProject;
			productName = UdacityMapProject;
			productReference = 2437BB91219EF06B00F62A3C /* UdacityMapProject.app */;
			productType = "com.apple.product-type.application";
		};
/* End PBXNativeTarget section */

/* Begin PBXProject section */
		2437BB89219EF06B00F62A3C /* Project object */ = {
			isa = PBXProject;
			attributes = {
				LastSwiftUpdateCheck = 0930;
				LastUpgradeCheck = 0930;
				ORGANIZATIONNAME = "Kynan Song";
				TargetAttributes = {
					2437BB90219EF06B00F62A3C = {
						CreatedOnToolsVersion = 9.3;
					};
				};
			};
			buildConfigurationList = 2437BB8C219EF06B00F62A3C /* Build configuration list for PBXProject "UdacityMapProject" */;
			compatibilityVersion = "Xcode 9.3";
			developmentRegion = en;
			hasScannedForEncodings = 0;
			knownRegions = (
				en,
				Base,
			);
			mainGroup = 2437BB88219EF06B00F62A3C;
			productRefGroup = 2437BB92219EF06B00F62A3C /* Products */;
			projectDirPath = "";
			projectRoot = "";
			targets = (
				2437BB90219EF06B00F62A3C /* UdacityMapProject */,
			);
		};
/* End PBXProject section */

/* Begin PBXResourcesBuildPhase section */
		2437BB8F219EF06B00F62A3C /* Resources */ = {
			isa = PBXResourcesBuildPhase;
			buildActionMask = 2147483647;
			files = (
				2437BB9F219EF06D00F62A3C /* LaunchScreen.storyboard in Resources */,
				2437BB9C219EF06D00F62A3C /* Assets.xcassets in Resources */,
				2437BB9A219EF06B00F62A3C /* Main.storyboard in Resources */,
			);
			runOnlyForDeploymentPostprocessing = 0;
		};
/* End PBXResourcesBuildPhase section */

/* Begin PBXSourcesBuildPhase section */
		2437BB8D219EF06B00F62A3C /* Sources */ = {
			isa = PBXSourcesBuildPhase;
			buildActionMask = 2147483647;
			files = (
				2455D07121B54C58000F351A /* GCDBlackBox.swift in Sources */,
				2455D06F21B53376000F351A /* LoginViewController.swift in Sources */,
				2437BB97219EF06B00F62A3C /* MapViewController.swift in Sources */,
				242A476D21BBE9500056B7A5 /* BaseMapViewController.swift in Sources */,
				24286DBB21B2E98B008905DD /* Convenience.swift in Sources */,
				242A476F21BBEDAC0056B7A5 /* UserInformation.swift in Sources */,
				2437BB95219EF06B00F62A3C /* AppDelegate.swift in Sources */,
				242A477321BC05F40056B7A5 /* Extensions.swift in Sources */,
				2417986021A1DEF300FF002D /* DataClient.swift in Sources */,
				2437BBA8219EF12000F62A3C /* Constants.swift in Sources */,
				2417985B21A1CD6000FF002D /* ChangeLocationViewController.swift in Sources */,
				242A477121BBEDDD0056B7A5 /* User.swift in Sources */,
			);
			runOnlyForDeploymentPostprocessing = 0;
		};
/* End PBXSourcesBuildPhase section */

/* Begin PBXVariantGroup section */
		2437BB98219EF06B00F62A3C /* Main.storyboard */ = {
			isa = PBXVariantGroup;
			children = (
				2437BB99219EF06B00F62A3C /* Base */,
			);
			name = Main.storyboard;
			sourceTree = "<group>";
		};
		2437BB9D219EF06D00F62A3C /* LaunchScreen.storyboard */ = {
			isa = PBXVariantGroup;
			children = (
				2437BB9E219EF06D00F62A3C /* Base */,
			);
			name = LaunchScreen.storyboard;
			sourceTree = "<group>";
		};
/* End PBXVariantGroup section */

/* Begin XCBuildConfiguration section */
		2437BBA1219EF06D00F62A3C /* Debug */ = {
			isa = XCBuildConfiguration;
			buildSettings = {
				ALWAYS_SEARCH_USER_PATHS = NO;
				CLANG_ANALYZER_NONNULL = YES;
				CLANG_ANALYZER_NUMBER_OBJECT_CONVERSION = YES_AGGRESSIVE;
				CLANG_CXX_LANGUAGE_STANDARD = "gnu++14";
				CLANG_CXX_LIBRARY = "libc++";
				CLANG_ENABLE_MODULES = YES;
				CLANG_ENABLE_OBJC_ARC = YES;
				CLANG_ENABLE_OBJC_WEAK = YES;
				CLANG_WARN_BLOCK_CAPTURE_AUTORELEASING = YES;
				CLANG_WARN_BOOL_CONVERSION = YES;
				CLANG_WARN_COMMA = YES;
				CLANG_WARN_CONSTANT_CONVERSION = YES;
				CLANG_WARN_DEPRECATED_OBJC_IMPLEMENTATIONS = YES;
				CLANG_WARN_DIRECT_OBJC_ISA_USAGE = YES_ERROR;
				CLANG_WARN_DOCUMENTATION_COMMENTS = YES;
				CLANG_WARN_EMPTY_BODY = YES;
				CLANG_WARN_ENUM_CONVERSION = YES;
				CLANG_WARN_INFINITE_RECURSION = YES;
				CLANG_WARN_INT_CONVERSION = YES;
				CLANG_WARN_NON_LITERAL_NULL_CONVERSION = YES;
				CLANG_WARN_OBJC_IMPLICIT_RETAIN_SELF = YES;
				CLANG_WARN_OBJC_LITERAL_CONVERSION = YES;
				CLANG_WARN_OBJC_ROOT_CLASS = YES_ERROR;
				CLANG_WARN_RANGE_LOOP_ANALYSIS = YES;
				CLANG_WARN_STRICT_PROTOTYPES = YES;
				CLANG_WARN_SUSPICIOUS_MOVE = YES;
				CLANG_WARN_UNGUARDED_AVAILABILITY = YES_AGGRESSIVE;
				CLANG_WARN_UNREACHABLE_CODE = YES;
				CLANG_WARN__DUPLICATE_METHOD_MATCH = YES;
				CODE_SIGN_IDENTITY = "iPhone Developer";
				COPY_PHASE_STRIP = NO;
				DEBUG_INFORMATION_FORMAT = dwarf;
				ENABLE_STRICT_OBJC_MSGSEND = YES;
				ENABLE_TESTABILITY = YES;
				GCC_C_LANGUAGE_STANDARD = gnu11;
				GCC_DYNAMIC_NO_PIC = NO;
				GCC_NO_COMMON_BLOCKS = YES;
				GCC_OPTIMIZATION_LEVEL = 0;
				GCC_PREPROCESSOR_DEFINITIONS = (
					"DEBUG=1",
					"$(inherited)",
				);
				GCC_WARN_64_TO_32_BIT_CONVERSION = YES;
				GCC_WARN_ABOUT_RETURN_TYPE = YES_ERROR;
				GCC_WARN_UNDECLARED_SELECTOR = YES;
				GCC_WARN_UNINITIALIZED_AUTOS = YES_AGGRESSIVE;
				GCC_WARN_UNUSED_FUNCTION = YES;
				GCC_WARN_UNUSED_VARIABLE = YES;
				IPHONEOS_DEPLOYMENT_TARGET = 11.3;
				MTL_ENABLE_DEBUG_INFO = YES;
				ONLY_ACTIVE_ARCH = YES;
				SDKROOT = iphoneos;
				SWIFT_ACTIVE_COMPILATION_CONDITIONS = DEBUG;
				SWIFT_OPTIMIZATION_LEVEL = "-Onone";
			};
			name = Debug;
		};
		2437BBA2219EF06D00F62A3C /* Release */ = {
			isa = XCBuildConfiguration;
			buildSettings = {
				ALWAYS_SEARCH_USER_PATHS = NO;
				CLANG_ANALYZER_NONNULL = YES;
				CLANG_ANALYZER_NUMBER_OBJECT_CONVERSION = YES_AGGRESSIVE;
				CLANG_CXX_LANGUAGE_STANDARD = "gnu++14";
				CLANG_CXX_LIBRARY = "libc++";
				CLANG_ENABLE_MODULES = YES;
				CLANG_ENABLE_OBJC_ARC = YES;
				CLANG_ENABLE_OBJC_WEAK = YES;
				CLANG_WARN_BLOCK_CAPTURE_AUTORELEASING = YES;
				CLANG_WARN_BOOL_CONVERSION = YES;
				CLANG_WARN_COMMA = YES;
				CLANG_WARN_CONSTANT_CONVERSION = YES;
				CLANG_WARN_DEPRECATED_OBJC_IMPLEMENTATIONS = YES;
				CLANG_WARN_DIRECT_OBJC_ISA_USAGE = YES_ERROR;
				CLANG_WARN_DOCUMENTATION_COMMENTS = YES;
				CLANG_WARN_EMPTY_BODY = YES;
				CLANG_WARN_ENUM_CONVERSION = YES;
				CLANG_WARN_INFINITE_RECURSION = YES;
				CLANG_WARN_INT_CONVERSION = YES;
				CLANG_WARN_NON_LITERAL_NULL_CONVERSION = YES;
				CLANG_WARN_OBJC_IMPLICIT_RETAIN_SELF = YES;
				CLANG_WARN_OBJC_LITERAL_CONVERSION = YES;
				CLANG_WARN_OBJC_ROOT_CLASS = YES_ERROR;
				CLANG_WARN_RANGE_LOOP_ANALYSIS = YES;
				CLANG_WARN_STRICT_PROTOTYPES = YES;
				CLANG_WARN_SUSPICIOUS_MOVE = YES;
				CLANG_WARN_UNGUARDED_AVAILABILITY = YES_AGGRESSIVE;
				CLANG_WARN_UNREACHABLE_CODE = YES;
				CLANG_WARN__DUPLICATE_METHOD_MATCH = YES;
				CODE_SIGN_IDENTITY = "iPhone Developer";
				COPY_PHASE_STRIP = NO;
				DEBUG_INFORMATION_FORMAT = "dwarf-with-dsym";
				ENABLE_NS_ASSERTIONS = NO;
				ENABLE_STRICT_OBJC_MSGSEND = YES;
				GCC_C_LANGUAGE_STANDARD = gnu11;
				GCC_NO_COMMON_BLOCKS = YES;
				GCC_WARN_64_TO_32_BIT_CONVERSION = YES;
				GCC_WARN_ABOUT_RETURN_TYPE = YES_ERROR;
				GCC_WARN_UNDECLARED_SELECTOR = YES;
				GCC_WARN_UNINITIALIZED_AUTOS = YES_AGGRESSIVE;
				GCC_WARN_UNUSED_FUNCTION = YES;
				GCC_WARN_UNUSED_VARIABLE = YES;
				IPHONEOS_DEPLOYMENT_TARGET = 11.3;
				MTL_ENABLE_DEBUG_INFO = NO;
				SDKROOT = iphoneos;
				SWIFT_COMPILATION_MODE = wholemodule;
				SWIFT_OPTIMIZATION_LEVEL = "-O";
				VALIDATE_PRODUCT = YES;
			};
			name = Release;
		};
		2437BBA4219EF06D00F62A3C /* Debug */ = {
			isa = XCBuildConfiguration;
			buildSettings = {
				ASSETCATALOG_COMPILER_APPICON_NAME = AppIcon;
				CODE_SIGN_STYLE = Automatic;
				DEVELOPMENT_TEAM = 3U522M2BNU;
				INFOPLIST_FILE = UdacityMapProject/Info.plist;
				LD_RUNPATH_SEARCH_PATHS = (
					"$(inherited)",
					"@executable_path/Frameworks",
				);
				PRODUCT_BUNDLE_IDENTIFIER = com.kynan.UdacityMapProject;
				PRODUCT_NAME = "$(TARGET_NAME)";
				SWIFT_VERSION = 4.0;
				TARGETED_DEVICE_FAMILY = "1,2";
			};
			name = Debug;
		};
		2437BBA5219EF06D00F62A3C /* Release */ = {
			isa = XCBuildConfiguration;
			buildSettings = {
				ASSETCATALOG_COMPILER_APPICON_NAME = AppIcon;
				CODE_SIGN_STYLE = Automatic;
				DEVELOPMENT_TEAM = 3U522M2BNU;
				INFOPLIST_FILE = UdacityMapProject/Info.plist;
				LD_RUNPATH_SEARCH_PATHS = (
					"$(inherited)",
					"@executable_path/Frameworks",
				);
				PRODUCT_BUNDLE_IDENTIFIER = com.kynan.UdacityMapProject;
				PRODUCT_NAME = "$(TARGET_NAME)";
				SWIFT_VERSION = 4.0;
				TARGETED_DEVICE_FAMILY = "1,2";
			};
			name = Release;
		};
/* End XCBuildConfiguration section */

/* Begin XCConfigurationList section */
		2437BB8C219EF06B00F62A3C /* Build configuration list for PBXProject "UdacityMapProject" */ = {
			isa = XCConfigurationList;
			buildConfigurations = (
				2437BBA1219EF06D00F62A3C /* Debug */,
				2437BBA2219EF06D00F62A3C /* Release */,
			);
			defaultConfigurationIsVisible = 0;
			defaultConfigurationName = Release;
		};
		2437BBA3219EF06D00F62A3C /* Build configuration list for PBXNativeTarget "UdacityMapProject" */ = {
			isa = XCConfigurationList;
			buildConfigurations = (
				2437BBA4219EF06D00F62A3C /* Debug */,
				2437BBA5219EF06D00F62A3C /* Release */,
			);
			defaultConfigurationIsVisible = 0;
			defaultConfigurationName = Release;
		};
/* End XCConfigurationList section */
	};
	rootObject = 2437BB89219EF06B00F62A3C /* Project object */;
}
